
Microsoft Visual Studio Solution File, Format Version 12.00
# Visual Studio 14
VisualStudioVersion = 14.0.25420.1
MinimumVisualStudioVersion = 10.0.40219.1
Project("{FAE04EC0-301F-11D3-BF4B-00C04F79EFBC}") = "JSONWebAPI", "JSONWebAPI\JSONWebAPI.csproj", "{CDFE58B6-EDDF-4B48-8F00-205493C65BF2}"
EndProject
Global
	GlobalSection(SolutionConfigurationPlatforms) = preSolution
		Debug|Any CPU = Debug|Any CPU
		Release|Any CPU = Release|Any CPU
	EndGlobalSection
	GlobalSection(ProjectConfigurationPlatforms) = postSolution
		{CDFE58B6-EDDF-4B48-8F00-205493C65BF2}.Debug|Any CPU.ActiveCfg = Debug|Any CPU
		{CDFE58B6-EDDF-4B48-8F00-205493C65BF2}.Debug|Any CPU.Build.0 = Debug|Any CPU
		{CDFE58B6-EDDF-4B48-8F00-205493C65BF2}.Release|Any CPU.ActiveCfg = Release|Any CPU
		{CDFE58B6-EDDF-4B48-8F00-205493C65BF2}.Release|Any CPU.Build.0 = Release|Any CPU
	EndGlobalSection
	GlobalSection(SolutionProperties) = preSolution
		HideSolutionNode = FALSE
	EndGlobalSection
EndGlobal
